
Microsoft Visual Studio Solution File, Format Version 12.00
Project("{FAE04EC0-301F-11D3-BF4B-00C04F79EFBC}") = "3dApp", "3dApp\3dApp.csproj", "{1CB33C71-9E80-4DEB-B743-04BAEBB9E251}"
EndProject
Global
	GlobalSection(SolutionConfigurationPlatforms) = preSolution
		Debug|Any CPU = Debug|Any CPU
		Release|Any CPU = Release|Any CPU
	EndGlobalSection
	GlobalSection(ProjectConfigurationPlatforms) = postSolution
		{1CB33C71-9E80-4DEB-B743-04BAEBB9E251}.Debug|Any CPU.ActiveCfg = Debug|Any CPU
		{1CB33C71-9E80-4DEB-B743-04BAEBB9E251}.Debug|Any CPU.Build.0 = Debug|Any CPU
		{1CB33C71-9E80-4DEB-B743-04BAEBB9E251}.Release|Any CPU.ActiveCfg = Release|Any CPU
		{1CB33C71-9E80-4DEB-B743-04BAEBB9E251}.Release|Any CPU.Build.0 = Release|Any CPU
	EndGlobalSection
EndGlobal
